// !$*UTF8*$!
{
	archiveVersion = 1;
	classes = {
	};
	objectVersion = 56;
	objects = {

/* Begin PBXBuildFile section */
		5D48FD471404B37B20B737BB /* Pods_io.framework in Frameworks */ = {isa = PBXBuildFile; fileRef = D3E8A5C631F23680B8F4F616 /* Pods_io.framework */; };
		A40ED9412A89DA54006EF1BE /* PagesCell.swift in Sources */ = {isa = PBXBuildFile; fileRef = A40ED93F2A89DA54006EF1BE /* PagesCell.swift */; };
		A40ED9422A89DA54006EF1BE /* PagesCell.xib in Resources */ = {isa = PBXBuildFile; fileRef = A40ED9402A89DA54006EF1BE /* PagesCell.xib */; };
		A40ED9462A89DF4F006EF1BE /* OtpVC.swift in Sources */ = {isa = PBXBuildFile; fileRef = A40ED9442A89DF4F006EF1BE /* OtpVC.swift */; };
		A40ED9472A89DF4F006EF1BE /* OtpVC.xib in Resources */ = {isa = PBXBuildFile; fileRef = A40ED9452A89DF4F006EF1BE /* OtpVC.xib */; };
		A416F3CA2A94528600FD4957 /* BottomSheetController.swift in Sources */ = {isa = PBXBuildFile; fileRef = A416F3C62A94528600FD4957 /* BottomSheetController.swift */; };
		A416F3CB2A94528600FD4957 /* BottomSheetTransitioningDelegate.swift in Sources */ = {isa = PBXBuildFile; fileRef = A416F3C72A94528600FD4957 /* BottomSheetTransitioningDelegate.swift */; };
		A416F3CC2A94528600FD4957 /* BottomSheetPresentationController.swift in Sources */ = {isa = PBXBuildFile; fileRef = A416F3C82A94528600FD4957 /* BottomSheetPresentationController.swift */; };
		A416F3CD2A94528600FD4957 /* BottomSheetInteractiveDismissalTransition.swift in Sources */ = {isa = PBXBuildFile; fileRef = A416F3C92A94528600FD4957 /* BottomSheetInteractiveDismissalTransition.swift */; };
		A416F3D02A94532000FD4957 /* SetTimeForRide.swift in Sources */ = {isa = PBXBuildFile; fileRef = A416F3CE2A94532000FD4957 /* SetTimeForRide.swift */; };
		A416F3D12A94532000FD4957 /* SetTimeForRide.xib in Resources */ = {isa = PBXBuildFile; fileRef = A416F3CF2A94532000FD4957 /* SetTimeForRide.xib */; };
		A416F3D52A9454C600FD4957 /* Withable.swift in Sources */ = {isa = PBXBuildFile; fileRef = A416F3D42A9454C600FD4957 /* Withable.swift */; };
		A416F3D72A9454D200FD4957 /* NSObject+Extensions.swift in Sources */ = {isa = PBXBuildFile; fileRef = A416F3D62A9454D200FD4957 /* NSObject+Extensions.swift */; };
		A416F3DE2A9454DF00FD4957 /* UIImageView+Extensions.swift in Sources */ = {isa = PBXBuildFile; fileRef = A416F3D92A9454DE00FD4957 /* UIImageView+Extensions.swift */; };
		A416F3DF2A9454DF00FD4957 /* UILabel+Extensions.swift in Sources */ = {isa = PBXBuildFile; fileRef = A416F3DA2A9454DE00FD4957 /* UILabel+Extensions.swift */; };
		A416F3E02A9454DF00FD4957 /* UIButton+Extensions.swift in Sources */ = {isa = PBXBuildFile; fileRef = A416F3DB2A9454DF00FD4957 /* UIButton+Extensions.swift */; };
		A416F3E12A9454DF00FD4957 /* UIView+Extensions.swift in Sources */ = {isa = PBXBuildFile; fileRef = A416F3DC2A9454DF00FD4957 /* UIView+Extensions.swift */; };
		A416F3E22A9454DF00FD4957 /* UIStackView+Extensions.swift in Sources */ = {isa = PBXBuildFile; fileRef = A416F3DD2A9454DF00FD4957 /* UIStackView+Extensions.swift */; };
		A416F3E62A94594400FD4957 /* NunitoSans-Italic.ttf in Resources */ = {isa = PBXBuildFile; fileRef = A416F3E42A94594400FD4957 /* NunitoSans-Italic.ttf */; };
		A416F3E72A94594400FD4957 /* NunitoSans.ttf in Resources */ = {isa = PBXBuildFile; fileRef = A416F3E52A94594400FD4957 /* NunitoSans.ttf */; };
		A416F3E92A94660E00FD4957 /* DateHelper.swift in Sources */ = {isa = PBXBuildFile; fileRef = A416F3E82A94660E00FD4957 /* DateHelper.swift */; };
		A416F3EB2A946AB400FD4957 /* Collection.swift in Sources */ = {isa = PBXBuildFile; fileRef = A416F3EA2A946AB400FD4957 /* Collection.swift */; };
		A43894972A93030300BE77A6 /* StretchyVC.swift in Sources */ = {isa = PBXBuildFile; fileRef = A43894952A93030300BE77A6 /* StretchyVC.swift */; };
		A43894982A93030300BE77A6 /* StretchyVC.xib in Resources */ = {isa = PBXBuildFile; fileRef = A43894962A93030300BE77A6 /* StretchyVC.xib */; };
		A438949B2A9303BF00BE77A6 /* StretchyView.swift in Sources */ = {isa = PBXBuildFile; fileRef = A438949A2A9303BF00BE77A6 /* StretchyView.swift */; };
		A438949D2A9303C700BE77A6 /* StretchyView.xib in Resources */ = {isa = PBXBuildFile; fileRef = A438949C2A9303C700BE77A6 /* StretchyView.xib */; };
		A43894A12A93053C00BE77A6 /* Bundle.swift in Sources */ = {isa = PBXBuildFile; fileRef = A43894A02A93053C00BE77A6 /* Bundle.swift */; };
		A43894A42A93070F00BE77A6 /* AnotherSampleCell.swift in Sources */ = {isa = PBXBuildFile; fileRef = A43894A22A93070F00BE77A6 /* AnotherSampleCell.swift */; };
		A43894A52A93070F00BE77A6 /* AnotherSampleCell.xib in Resources */ = {isa = PBXBuildFile; fileRef = A43894A32A93070F00BE77A6 /* AnotherSampleCell.xib */; };
		A43894AC2A93523200BE77A6 /* MapVC.swift in Sources */ = {isa = PBXBuildFile; fileRef = A43894AA2A93523200BE77A6 /* MapVC.swift */; };
		A43894AD2A93523200BE77A6 /* MapVC.xib in Resources */ = {isa = PBXBuildFile; fileRef = A43894AB2A93523200BE77A6 /* MapVC.xib */; };
		A43894C62A93692200BE77A6 /* BigButtonCell.swift in Sources */ = {isa = PBXBuildFile; fileRef = A43894C42A93692200BE77A6 /* BigButtonCell.swift */; };
		A43894C72A93692200BE77A6 /* BigButtonCell.xib in Resources */ = {isa = PBXBuildFile; fileRef = A43894C52A93692200BE77A6 /* BigButtonCell.xib */; };
		A43894CB2A936AAE00BE77A6 /* DriverNoteCell.swift in Sources */ = {isa = PBXBuildFile; fileRef = A43894C92A936AAE00BE77A6 /* DriverNoteCell.swift */; };
		A43894CC2A936AAE00BE77A6 /* DriverNoteCell.xib in Resources */ = {isa = PBXBuildFile; fileRef = A43894CA2A936AAE00BE77A6 /* DriverNoteCell.xib */; };
		A477B7BB2A85E4B100A5388A /* AppDelegate.swift in Sources */ = {isa = PBXBuildFile; fileRef = A477B7BA2A85E4B100A5388A /* AppDelegate.swift */; };
		A477B7C42A85E4B500A5388A /* Assets.xcassets in Resources */ = {isa = PBXBuildFile; fileRef = A477B7C32A85E4B500A5388A /* Assets.xcassets */; };
		A477B7C72A85E4B500A5388A /* LaunchScreen.storyboard in Resources */ = {isa = PBXBuildFile; fileRef = A477B7C52A85E4B500A5388A /* LaunchScreen.storyboard */; };
		A477B7D02A85E65700A5388A /* MainVC.swift in Sources */ = {isa = PBXBuildFile; fileRef = A477B7CE2A85E65700A5388A /* MainVC.swift */; };
		A477B7D12A85E65700A5388A /* MainVC.xib in Resources */ = {isa = PBXBuildFile; fileRef = A477B7CF2A85E65700A5388A /* MainVC.xib */; };
		A477B7D32A85E9CD00A5388A /* SceneDelegate.swift in Sources */ = {isa = PBXBuildFile; fileRef = A477B7D22A85E9CD00A5388A /* SceneDelegate.swift */; };
		A477B7D62A85EA6E00A5388A /* TableNCollection.swift in Sources */ = {isa = PBXBuildFile; fileRef = A477B7D52A85EA6E00A5388A /* TableNCollection.swift */; };
		A477B7D92A85EF9100A5388A /* ViewController.swift in Sources */ = {isa = PBXBuildFile; fileRef = A477B7D82A85EF9100A5388A /* ViewController.swift */; };
		A477B7DE2A86117200A5388A /* TableVC.swift in Sources */ = {isa = PBXBuildFile; fileRef = A477B7DC2A86117200A5388A /* TableVC.swift */; };
		A477B7DF2A86117200A5388A /* TableVC.xib in Resources */ = {isa = PBXBuildFile; fileRef = A477B7DD2A86117200A5388A /* TableVC.xib */; };
		A477B7E22A86128B00A5388A /* SampleCell.swift in Sources */ = {isa = PBXBuildFile; fileRef = A477B7E02A86128B00A5388A /* SampleCell.swift */; };
		A477B7E32A86128B00A5388A /* SampleCell.xib in Resources */ = {isa = PBXBuildFile; fileRef = A477B7E12A86128B00A5388A /* SampleCell.xib */; };
		A4B64BE72A95A1AF00F4E5EC /* ChatVC.swift in Sources */ = {isa = PBXBuildFile; fileRef = A4B64BE52A95A1AF00F4E5EC /* ChatVC.swift */; };
		A4B64BE82A95A1AF00F4E5EC /* ChatVC.xib in Resources */ = {isa = PBXBuildFile; fileRef = A4B64BE62A95A1AF00F4E5EC /* ChatVC.xib */; };
		A4B64BEB2A95ABF700F4E5EC /* ChatCell.swift in Sources */ = {isa = PBXBuildFile; fileRef = A4B64BE92A95ABF700F4E5EC /* ChatCell.swift */; };
		A4B64BEC2A95ABF700F4E5EC /* ChatCell.xib in Resources */ = {isa = PBXBuildFile; fileRef = A4B64BEA2A95ABF700F4E5EC /* ChatCell.xib */; };
		A4B64BF02A95C2D900F4E5EC /* MeChatCell.swift in Sources */ = {isa = PBXBuildFile; fileRef = A4B64BEE2A95C2D900F4E5EC /* MeChatCell.swift */; };
		A4B64BF12A95C2D900F4E5EC /* MeChatCell.xib in Resources */ = {isa = PBXBuildFile; fileRef = A4B64BEF2A95C2D900F4E5EC /* MeChatCell.xib */; };
		A4B64BF42A95C2EC00F4E5EC /* OtherChatCell.swift in Sources */ = {isa = PBXBuildFile; fileRef = A4B64BF22A95C2EC00F4E5EC /* OtherChatCell.swift */; };
		A4B64BF52A95C2EC00F4E5EC /* OtherChatCell.xib in Resources */ = {isa = PBXBuildFile; fileRef = A4B64BF32A95C2EC00F4E5EC /* OtherChatCell.xib */; };
		A4B64BFB2A96061000F4E5EC /* GVInput.xib in Resources */ = {isa = PBXBuildFile; fileRef = A4B64BFA2A96061000F4E5EC /* GVInput.xib */; };
		A4B64BFD2A96062100F4E5EC /* GVInput.swift in Sources */ = {isa = PBXBuildFile; fileRef = A4B64BFC2A96062100F4E5EC /* GVInput.swift */; };
		A4B64C012A960D2E00F4E5EC /* CustomViewsVC.swift in Sources */ = {isa = PBXBuildFile; fileRef = A4B64BFF2A960D2E00F4E5EC /* CustomViewsVC.swift */; };
		A4B64C022A960D2E00F4E5EC /* CustomViewsVC.xib in Resources */ = {isa = PBXBuildFile; fileRef = A4B64C002A960D2E00F4E5EC /* CustomViewsVC.xib */; };
		A4B8F9C52A8A1CB3001CA71C /* UIView.swift in Sources */ = {isa = PBXBuildFile; fileRef = A4B8F9C42A8A1CB3001CA71C /* UIView.swift */; };
		A4EA23B22A8B834A0031E8BC /* StretchyHeader.swift in Sources */ = {isa = PBXBuildFile; fileRef = A4EA23B12A8B834A0031E8BC /* StretchyHeader.swift */; };
		A4EA23B52A8B85D70031E8BC /* RecommendGrid.swift in Sources */ = {isa = PBXBuildFile; fileRef = A4EA23B32A8B85D70031E8BC /* RecommendGrid.swift */; };
		A4EA23B62A8B85D70031E8BC /* RecommendGrid.xib in Resources */ = {isa = PBXBuildFile; fileRef = A4EA23B42A8B85D70031E8BC /* RecommendGrid.xib */; };
		A4EA23B92A8B876D0031E8BC /* RecommendGridCell.swift in Sources */ = {isa = PBXBuildFile; fileRef = A4EA23B72A8B876D0031E8BC /* RecommendGridCell.swift */; };
		A4EA23BA2A8B876D0031E8BC /* RecommendGridCell.xib in Resources */ = {isa = PBXBuildFile; fileRef = A4EA23B82A8B876D0031E8BC /* RecommendGridCell.xib */; };
		A4EA23BC2A8B8A040031E8BC /* SelfSizingTable.swift in Sources */ = {isa = PBXBuildFile; fileRef = A4EA23BB2A8B8A040031E8BC /* SelfSizingTable.swift */; };
/* End PBXBuildFile section */

/* Begin PBXFileReference section */
		48F6FB8B8B9F518C82FCBD47 /* Pods-io.release.xcconfig */ = {isa = PBXFileReference; includeInIndex = 1; lastKnownFileType = text.xcconfig; name = "Pods-io.release.xcconfig"; path = "Target Support Files/Pods-io/Pods-io.release.xcconfig"; sourceTree = "<group>"; };
		A40ED93F2A89DA54006EF1BE /* PagesCell.swift */ = {isa = PBXFileReference; lastKnownFileType = sourcecode.swift; path = PagesCell.swift; sourceTree = "<group>"; };
		A40ED9402A89DA54006EF1BE /* PagesCell.xib */ = {isa = PBXFileReference; lastKnownFileType = file.xib; path = PagesCell.xib; sourceTree = "<group>"; };
		A40ED9442A89DF4F006EF1BE /* OtpVC.swift */ = {isa = PBXFileReference; lastKnownFileType = sourcecode.swift; path = OtpVC.swift; sourceTree = "<group>"; };
		A40ED9452A89DF4F006EF1BE /* OtpVC.xib */ = {isa = PBXFileReference; lastKnownFileType = file.xib; path = OtpVC.xib; sourceTree = "<group>"; };
		A416F3C62A94528600FD4957 /* BottomSheetController.swift */ = {isa = PBXFileReference; fileEncoding = 4; lastKnownFileType = sourcecode.swift; path = BottomSheetController.swift; sourceTree = "<group>"; };
		A416F3C72A94528600FD4957 /* BottomSheetTransitioningDelegate.swift */ = {isa = PBXFileReference; fileEncoding = 4; lastKnownFileType = sourcecode.swift; path = BottomSheetTransitioningDelegate.swift; sourceTree = "<group>"; };
		A416F3C82A94528600FD4957 /* BottomSheetPresentationController.swift */ = {isa = PBXFileReference; fileEncoding = 4; lastKnownFileType = sourcecode.swift; path = BottomSheetPresentationController.swift; sourceTree = "<group>"; };
		A416F3C92A94528600FD4957 /* BottomSheetInteractiveDismissalTransition.swift */ = {isa = PBXFileReference; fileEncoding = 4; lastKnownFileType = sourcecode.swift; path = BottomSheetInteractiveDismissalTransition.swift; sourceTree = "<group>"; };
		A416F3CE2A94532000FD4957 /* SetTimeForRide.swift */ = {isa = PBXFileReference; lastKnownFileType = sourcecode.swift; path = SetTimeForRide.swift; sourceTree = "<group>"; };
		A416F3CF2A94532000FD4957 /* SetTimeForRide.xib */ = {isa = PBXFileReference; lastKnownFileType = file.xib; path = SetTimeForRide.xib; sourceTree = "<group>"; };
		A416F3D42A9454C600FD4957 /* Withable.swift */ = {isa = PBXFileReference; fileEncoding = 4; lastKnownFileType = sourcecode.swift; path = Withable.swift; sourceTree = "<group>"; };
		A416F3D62A9454D200FD4957 /* NSObject+Extensions.swift */ = {isa = PBXFileReference; fileEncoding = 4; lastKnownFileType = sourcecode.swift; path = "NSObject+Extensions.swift"; sourceTree = "<group>"; };
		A416F3D92A9454DE00FD4957 /* UIImageView+Extensions.swift */ = {isa = PBXFileReference; fileEncoding = 4; lastKnownFileType = sourcecode.swift; path = "UIImageView+Extensions.swift"; sourceTree = "<group>"; };
		A416F3DA2A9454DE00FD4957 /* UILabel+Extensions.swift */ = {isa = PBXFileReference; fileEncoding = 4; lastKnownFileType = sourcecode.swift; path = "UILabel+Extensions.swift"; sourceTree = "<group>"; };
		A416F3DB2A9454DF00FD4957 /* UIButton+Extensions.swift */ = {isa = PBXFileReference; fileEncoding = 4; lastKnownFileType = sourcecode.swift; path = "UIButton+Extensions.swift"; sourceTree = "<group>"; };
		A416F3DC2A9454DF00FD4957 /* UIView+Extensions.swift */ = {isa = PBXFileReference; fileEncoding = 4; lastKnownFileType = sourcecode.swift; path = "UIView+Extensions.swift"; sourceTree = "<group>"; };
		A416F3DD2A9454DF00FD4957 /* UIStackView+Extensions.swift */ = {isa = PBXFileReference; fileEncoding = 4; lastKnownFileType = sourcecode.swift; path = "UIStackView+Extensions.swift"; sourceTree = "<group>"; };
		A416F3E42A94594400FD4957 /* NunitoSans-Italic.ttf */ = {isa = PBXFileReference; lastKnownFileType = file; path = "NunitoSans-Italic.ttf"; sourceTree = "<group>"; };
		A416F3E52A94594400FD4957 /* NunitoSans.ttf */ = {isa = PBXFileReference; lastKnownFileType = file; path = NunitoSans.ttf; sourceTree = "<group>"; };
		A416F3E82A94660E00FD4957 /* DateHelper.swift */ = {isa = PBXFileReference; lastKnownFileType = sourcecode.swift; path = DateHelper.swift; sourceTree = "<group>"; };
		A416F3EA2A946AB400FD4957 /* Collection.swift */ = {isa = PBXFileReference; lastKnownFileType = sourcecode.swift; path = Collection.swift; sourceTree = "<group>"; };
		A43894952A93030300BE77A6 /* StretchyVC.swift */ = {isa = PBXFileReference; lastKnownFileType = sourcecode.swift; path = StretchyVC.swift; sourceTree = "<group>"; };
		A43894962A93030300BE77A6 /* StretchyVC.xib */ = {isa = PBXFileReference; lastKnownFileType = file.xib; path = StretchyVC.xib; sourceTree = "<group>"; };
		A438949A2A9303BF00BE77A6 /* StretchyView.swift */ = {isa = PBXFileReference; lastKnownFileType = sourcecode.swift; path = StretchyView.swift; sourceTree = "<group>"; };
		A438949C2A9303C700BE77A6 /* StretchyView.xib */ = {isa = PBXFileReference; lastKnownFileType = file.xib; path = StretchyView.xib; sourceTree = "<group>"; };
		A43894A02A93053C00BE77A6 /* Bundle.swift */ = {isa = PBXFileReference; lastKnownFileType = sourcecode.swift; path = Bundle.swift; sourceTree = "<group>"; };
		A43894A22A93070F00BE77A6 /* AnotherSampleCell.swift */ = {isa = PBXFileReference; lastKnownFileType = sourcecode.swift; path = AnotherSampleCell.swift; sourceTree = "<group>"; };
		A43894A32A93070F00BE77A6 /* AnotherSampleCell.xib */ = {isa = PBXFileReference; lastKnownFileType = file.xib; path = AnotherSampleCell.xib; sourceTree = "<group>"; };
		A43894AA2A93523200BE77A6 /* MapVC.swift */ = {isa = PBXFileReference; lastKnownFileType = sourcecode.swift; path = MapVC.swift; sourceTree = "<group>"; };
		A43894AB2A93523200BE77A6 /* MapVC.xib */ = {isa = PBXFileReference; lastKnownFileType = file.xib; path = MapVC.xib; sourceTree = "<group>"; };
		A43894C42A93692200BE77A6 /* BigButtonCell.swift */ = {isa = PBXFileReference; lastKnownFileType = sourcecode.swift; path = BigButtonCell.swift; sourceTree = "<group>"; };
		A43894C52A93692200BE77A6 /* BigButtonCell.xib */ = {isa = PBXFileReference; lastKnownFileType = file.xib; path = BigButtonCell.xib; sourceTree = "<group>"; };
		A43894C92A936AAE00BE77A6 /* DriverNoteCell.swift */ = {isa = PBXFileReference; lastKnownFileType = sourcecode.swift; path = DriverNoteCell.swift; sourceTree = "<group>"; };
		A43894CA2A936AAE00BE77A6 /* DriverNoteCell.xib */ = {isa = PBXFileReference; lastKnownFileType = file.xib; path = DriverNoteCell.xib; sourceTree = "<group>"; };
		A477B7B72A85E4B100A5388A /* io.app */ = {isa = PBXFileReference; explicitFileType = wrapper.application; includeInIndex = 0; path = io.app; sourceTree = BUILT_PRODUCTS_DIR; };
		A477B7BA2A85E4B100A5388A /* AppDelegate.swift */ = {isa = PBXFileReference; lastKnownFileType = sourcecode.swift; path = AppDelegate.swift; sourceTree = "<group>"; };
		A477B7C32A85E4B500A5388A /* Assets.xcassets */ = {isa = PBXFileReference; lastKnownFileType = folder.assetcatalog; path = Assets.xcassets; sourceTree = "<group>"; };
		A477B7C62A85E4B500A5388A /* Base */ = {isa = PBXFileReference; lastKnownFileType = file.storyboard; name = Base; path = Base.lproj/LaunchScreen.storyboard; sourceTree = "<group>"; };
		A477B7C82A85E4B500A5388A /* Info.plist */ = {isa = PBXFileReference; lastKnownFileType = text.plist.xml; path = Info.plist; sourceTree = "<group>"; };
		A477B7CE2A85E65700A5388A /* MainVC.swift */ = {isa = PBXFileReference; lastKnownFileType = sourcecode.swift; path = MainVC.swift; sourceTree = "<group>"; };
		A477B7CF2A85E65700A5388A /* MainVC.xib */ = {isa = PBXFileReference; lastKnownFileType = file.xib; path = MainVC.xib; sourceTree = "<group>"; };
		A477B7D22A85E9CD00A5388A /* SceneDelegate.swift */ = {isa = PBXFileReference; fileEncoding = 4; lastKnownFileType = sourcecode.swift; path = SceneDelegate.swift; sourceTree = "<group>"; };
		A477B7D52A85EA6E00A5388A /* TableNCollection.swift */ = {isa = PBXFileReference; lastKnownFileType = sourcecode.swift; path = TableNCollection.swift; sourceTree = "<group>"; };
		A477B7D82A85EF9100A5388A /* ViewController.swift */ = {isa = PBXFileReference; lastKnownFileType = sourcecode.swift; path = ViewController.swift; sourceTree = "<group>"; };
		A477B7DC2A86117200A5388A /* TableVC.swift */ = {isa = PBXFileReference; lastKnownFileType = sourcecode.swift; path = TableVC.swift; sourceTree = "<group>"; };
		A477B7DD2A86117200A5388A /* TableVC.xib */ = {isa = PBXFileReference; lastKnownFileType = file.xib; path = TableVC.xib; sourceTree = "<group>"; };
		A477B7E02A86128B00A5388A /* SampleCell.swift */ = {isa = PBXFileReference; lastKnownFileType = sourcecode.swift; path = SampleCell.swift; sourceTree = "<group>"; };
		A477B7E12A86128B00A5388A /* SampleCell.xib */ = {isa = PBXFileReference; lastKnownFileType = file.xib; path = SampleCell.xib; sourceTree = "<group>"; };
		A4B64BE52A95A1AF00F4E5EC /* ChatVC.swift */ = {isa = PBXFileReference; lastKnownFileType = sourcecode.swift; path = ChatVC.swift; sourceTree = "<group>"; };
		A4B64BE62A95A1AF00F4E5EC /* ChatVC.xib */ = {isa = PBXFileReference; lastKnownFileType = file.xib; path = ChatVC.xib; sourceTree = "<group>"; };
		A4B64BE92A95ABF700F4E5EC /* ChatCell.swift */ = {isa = PBXFileReference; lastKnownFileType = sourcecode.swift; path = ChatCell.swift; sourceTree = "<group>"; };
		A4B64BEA2A95ABF700F4E5EC /* ChatCell.xib */ = {isa = PBXFileReference; lastKnownFileType = file.xib; path = ChatCell.xib; sourceTree = "<group>"; };
		A4B64BEE2A95C2D900F4E5EC /* MeChatCell.swift */ = {isa = PBXFileReference; lastKnownFileType = sourcecode.swift; path = MeChatCell.swift; sourceTree = "<group>"; };
		A4B64BEF2A95C2D900F4E5EC /* MeChatCell.xib */ = {isa = PBXFileReference; lastKnownFileType = file.xib; path = MeChatCell.xib; sourceTree = "<group>"; };
		A4B64BF22A95C2EC00F4E5EC /* OtherChatCell.swift */ = {isa = PBXFileReference; lastKnownFileType = sourcecode.swift; path = OtherChatCell.swift; sourceTree = "<group>"; };
		A4B64BF32A95C2EC00F4E5EC /* OtherChatCell.xib */ = {isa = PBXFileReference; lastKnownFileType = file.xib; path = OtherChatCell.xib; sourceTree = "<group>"; };
		A4B64BFA2A96061000F4E5EC /* GVInput.xib */ = {isa = PBXFileReference; lastKnownFileType = file.xib; path = GVInput.xib; sourceTree = "<group>"; };
		A4B64BFC2A96062100F4E5EC /* GVInput.swift */ = {isa = PBXFileReference; lastKnownFileType = sourcecode.swift; path = GVInput.swift; sourceTree = "<group>"; };
		A4B64BFF2A960D2E00F4E5EC /* CustomViewsVC.swift */ = {isa = PBXFileReference; lastKnownFileType = sourcecode.swift; path = CustomViewsVC.swift; sourceTree = "<group>"; };
		A4B64C002A960D2E00F4E5EC /* CustomViewsVC.xib */ = {isa = PBXFileReference; lastKnownFileType = file.xib; path = CustomViewsVC.xib; sourceTree = "<group>"; };
		A4B8F9C42A8A1CB3001CA71C /* UIView.swift */ = {isa = PBXFileReference; lastKnownFileType = sourcecode.swift; path = UIView.swift; sourceTree = "<group>"; };
		A4EA23B12A8B834A0031E8BC /* StretchyHeader.swift */ = {isa = PBXFileReference; lastKnownFileType = sourcecode.swift; path = StretchyHeader.swift; sourceTree = "<group>"; };
		A4EA23B32A8B85D70031E8BC /* RecommendGrid.swift */ = {isa = PBXFileReference; lastKnownFileType = sourcecode.swift; path = RecommendGrid.swift; sourceTree = "<group>"; };
		A4EA23B42A8B85D70031E8BC /* RecommendGrid.xib */ = {isa = PBXFileReference; lastKnownFileType = file.xib; path = RecommendGrid.xib; sourceTree = "<group>"; };
		A4EA23B72A8B876D0031E8BC /* RecommendGridCell.swift */ = {isa = PBXFileReference; lastKnownFileType = sourcecode.swift; path = RecommendGridCell.swift; sourceTree = "<group>"; };
		A4EA23B82A8B876D0031E8BC /* RecommendGridCell.xib */ = {isa = PBXFileReference; lastKnownFileType = file.xib; path = RecommendGridCell.xib; sourceTree = "<group>"; };
		A4EA23BB2A8B8A040031E8BC /* SelfSizingTable.swift */ = {isa = PBXFileReference; lastKnownFileType = sourcecode.swift; path = SelfSizingTable.swift; sourceTree = "<group>"; };
		D3E8A5C631F23680B8F4F616 /* Pods_io.framework */ = {isa = PBXFileReference; explicitFileType = wrapper.framework; includeInIndex = 0; path = Pods_io.framework; sourceTree = BUILT_PRODUCTS_DIR; };
		F0633524B1D7EF53C79808B0 /* Pods-io.debug.xcconfig */ = {isa = PBXFileReference; includeInIndex = 1; lastKnownFileType = text.xcconfig; name = "Pods-io.debug.xcconfig"; path = "Target Support Files/Pods-io/Pods-io.debug.xcconfig"; sourceTree = "<group>"; };
/* End PBXFileReference section */

/* Begin PBXFrameworksBuildPhase section */
		A477B7B42A85E4B100A5388A /* Frameworks */ = {
			isa = PBXFrameworksBuildPhase;
			buildActionMask = 2147483647;
			files = (
				5D48FD471404B37B20B737BB /* Pods_io.framework in Frameworks */,
			);
			runOnlyForDeploymentPostprocessing = 0;
		};
/* End PBXFrameworksBuildPhase section */

/* Begin PBXGroup section */
		A40ED9432A89DF20006EF1BE /* OTP */ = {
			isa = PBXGroup;
			children = (
				A40ED9442A89DF4F006EF1BE /* OtpVC.swift */,
				A40ED9452A89DF4F006EF1BE /* OtpVC.xib */,
			);
			path = OTP;
			sourceTree = "<group>";
		};
		A416F3C52A94527700FD4957 /* BottomSheet */ = {
			isa = PBXGroup;
			children = (
				A416F3C62A94528600FD4957 /* BottomSheetController.swift */,
				A416F3C92A94528600FD4957 /* BottomSheetInteractiveDismissalTransition.swift */,
				A416F3C82A94528600FD4957 /* BottomSheetPresentationController.swift */,
				A416F3C72A94528600FD4957 /* BottomSheetTransitioningDelegate.swift */,
			);
			path = BottomSheet;
			sourceTree = "<group>";
		};
		A416F3D22A94532300FD4957 /* SetTImeForRide */ = {
			isa = PBXGroup;
			children = (
				A416F3CE2A94532000FD4957 /* SetTimeForRide.swift */,
				A416F3CF2A94532000FD4957 /* SetTimeForRide.xib */,
			);
			path = SetTImeForRide;
			sourceTree = "<group>";
		};
		A416F3D32A94547F00FD4957 /* Withable */ = {
			isa = PBXGroup;
			children = (
				A416F3D82A9454D400FD4957 /* UI */,
				A416F3D42A9454C600FD4957 /* Withable.swift */,
				A416F3D62A9454D200FD4957 /* NSObject+Extensions.swift */,
			);
			path = Withable;
			sourceTree = "<group>";
		};
		A416F3D82A9454D400FD4957 /* UI */ = {
			isa = PBXGroup;
			children = (
				A416F3DB2A9454DF00FD4957 /* UIButton+Extensions.swift */,
				A416F3D92A9454DE00FD4957 /* UIImageView+Extensions.swift */,
				A416F3DA2A9454DE00FD4957 /* UILabel+Extensions.swift */,
				A416F3DD2A9454DF00FD4957 /* UIStackView+Extensions.swift */,
				A416F3DC2A9454DF00FD4957 /* UIView+Extensions.swift */,
			);
			path = UI;
			sourceTree = "<group>";
		};
		A416F3E32A94593900FD4957 /* Fonts */ = {
			isa = PBXGroup;
			children = (
				A416F3E42A94594400FD4957 /* NunitoSans-Italic.ttf */,
				A416F3E52A94594400FD4957 /* NunitoSans.ttf */,
			);
			path = Fonts;
			sourceTree = "<group>";
		};
		A43894942A9302F900BE77A6 /* StretchyVC */ = {
			isa = PBXGroup;
			children = (
				A43894992A93036400BE77A6 /* StretchyView */,
				A43894952A93030300BE77A6 /* StretchyVC.swift */,
				A43894962A93030300BE77A6 /* StretchyVC.xib */,
				A43894A62A93071100BE77A6 /* AnotherSampleCell */,
			);
			path = StretchyVC;
			sourceTree = "<group>";
		};
		A43894992A93036400BE77A6 /* StretchyView */ = {
			isa = PBXGroup;
			children = (
				A438949A2A9303BF00BE77A6 /* StretchyView.swift */,
				A438949C2A9303C700BE77A6 /* StretchyView.xib */,
			);
			path = StretchyView;
			sourceTree = "<group>";
		};
		A43894A62A93071100BE77A6 /* AnotherSampleCell */ = {
			isa = PBXGroup;
			children = (
				A43894A22A93070F00BE77A6 /* AnotherSampleCell.swift */,
				A43894A32A93070F00BE77A6 /* AnotherSampleCell.xib */,
			);
			path = AnotherSampleCell;
			sourceTree = "<group>";
		};
		A43894A92A93521E00BE77A6 /* Map */ = {
			isa = PBXGroup;
			children = (
				A43894AE2A935A6200BE77A6 /* MapCells */,
				A43894AA2A93523200BE77A6 /* MapVC.swift */,
				A43894AB2A93523200BE77A6 /* MapVC.xib */,
			);
			path = Map;
			sourceTree = "<group>";
		};
		A43894AE2A935A6200BE77A6 /* MapCells */ = {
			isa = PBXGroup;
			children = (
				A43894C82A936A9C00BE77A6 /* DriverNoteCell */,
				A43894BE2A93660E00BE77A6 /* BigButtonCell */,
			);
			path = MapCells;
			sourceTree = "<group>";
		};
		A43894BE2A93660E00BE77A6 /* BigButtonCell */ = {
			isa = PBXGroup;
			children = (
				A43894C42A93692200BE77A6 /* BigButtonCell.swift */,
				A43894C52A93692200BE77A6 /* BigButtonCell.xib */,
			);
			path = BigButtonCell;
			sourceTree = "<group>";
		};
		A43894C82A936A9C00BE77A6 /* DriverNoteCell */ = {
			isa = PBXGroup;
			children = (
				A43894C92A936AAE00BE77A6 /* DriverNoteCell.swift */,
				A43894CA2A936AAE00BE77A6 /* DriverNoteCell.xib */,
			);
			path = DriverNoteCell;
			sourceTree = "<group>";
		};
		A477B7AE2A85E4B100A5388A = {
			isa = PBXGroup;
			children = (
				A477B7B92A85E4B100A5388A /* io */,
				A477B7B82A85E4B100A5388A /* Products */,
				BA4980877D16988C1F897AA5 /* Pods */,
				BF834DD85AC6B1FD07D93970 /* Frameworks */,
			);
			sourceTree = "<group>";
		};
		A477B7B82A85E4B100A5388A /* Products */ = {
			isa = PBXGroup;
			children = (
				A477B7B72A85E4B100A5388A /* io.app */,
			);
			name = Products;
			sourceTree = "<group>";
		};
		A477B7B92A85E4B100A5388A /* io */ = {
			isa = PBXGroup;
			children = (
				A477B7BA2A85E4B100A5388A /* AppDelegate.swift */,
				A477B7D22A85E9CD00A5388A /* SceneDelegate.swift */,
				A477B7C32A85E4B500A5388A /* Assets.xcassets */,
				A477B7C52A85E4B500A5388A /* LaunchScreen.storyboard */,
				A477B7C82A85E4B500A5388A /* Info.plist */,
				A416F3E32A94593900FD4957 /* Fonts */,
				A477B7D72A85EF8200A5388A /* Utils */,
				A477B7DA2A86100400A5388A /* Screen */,
			);
			path = io;
			sourceTree = "<group>";
		};
		A477B7D42A85EA4D00A5388A /* Main */ = {
			isa = PBXGroup;
			children = (
				A477B7CE2A85E65700A5388A /* MainVC.swift */,
				A477B7CF2A85E65700A5388A /* MainVC.xib */,
			);
			path = Main;
			sourceTree = "<group>";
		};
		A477B7D72A85EF8200A5388A /* Utils */ = {
			isa = PBXGroup;
			children = (
				A416F3D32A94547F00FD4957 /* Withable */,
				A416F3C52A94527700FD4957 /* BottomSheet */,
				A477B7D52A85EA6E00A5388A /* TableNCollection.swift */,
				A4B8F9C42A8A1CB3001CA71C /* UIView.swift */,
				A477B7D82A85EF9100A5388A /* ViewController.swift */,
				A4EA23B12A8B834A0031E8BC /* StretchyHeader.swift */,
				A4EA23BB2A8B8A040031E8BC /* SelfSizingTable.swift */,
				A43894A02A93053C00BE77A6 /* Bundle.swift */,
				A416F3E82A94660E00FD4957 /* DateHelper.swift */,
				A416F3EA2A946AB400FD4957 /* Collection.swift */,
			);
			path = Utils;
			sourceTree = "<group>";
		};
		A477B7DA2A86100400A5388A /* Screen */ = {
			isa = PBXGroup;
			children = (
				A4B64BFE2A960D0900F4E5EC /* CustomViews */,
				A4B64BE42A95A18D00F4E5EC /* Chat */,
				A416F3D22A94532300FD4957 /* SetTImeForRide */,
				A43894A92A93521E00BE77A6 /* Map */,
				A43894942A9302F900BE77A6 /* StretchyVC */,
				A40ED9432A89DF20006EF1BE /* OTP */,
				A477B7DB2A86115B00A5388A /* Table */,
				A477B7D42A85EA4D00A5388A /* Main */,
			);
			path = Screen;
			sourceTree = "<group>";
		};
		A477B7DB2A86115B00A5388A /* Table */ = {
			isa = PBXGroup;
			children = (
				A477B7DC2A86117200A5388A /* TableVC.swift */,
				A40ED93F2A89DA54006EF1BE /* PagesCell.swift */,
				A40ED9402A89DA54006EF1BE /* PagesCell.xib */,
				A477B7E02A86128B00A5388A /* SampleCell.swift */,
				A477B7E12A86128B00A5388A /* SampleCell.xib */,
				A477B7DD2A86117200A5388A /* TableVC.xib */,
				A4EA23B32A8B85D70031E8BC /* RecommendGrid.swift */,
				A4EA23B42A8B85D70031E8BC /* RecommendGrid.xib */,
				A4EA23B72A8B876D0031E8BC /* RecommendGridCell.swift */,
				A4EA23B82A8B876D0031E8BC /* RecommendGridCell.xib */,
			);
			path = Table;
			sourceTree = "<group>";
		};
		A4B64BE42A95A18D00F4E5EC /* Chat */ = {
			isa = PBXGroup;
			children = (
				A4B64BF72A95C2F400F4E5EC /* MeChatCell */,
				A4B64BF62A95C2EE00F4E5EC /* OtherChatCell */,
				A4B64BE52A95A1AF00F4E5EC /* ChatVC.swift */,
				A4B64BE62A95A1AF00F4E5EC /* ChatVC.xib */,
				A4B64BED2A95ABFA00F4E5EC /* ChatCell */,
			);
			path = Chat;
			sourceTree = "<group>";
		};
		A4B64BED2A95ABFA00F4E5EC /* ChatCell */ = {
			isa = PBXGroup;
			children = (
				A4B64BE92A95ABF700F4E5EC /* ChatCell.swift */,
				A4B64BEA2A95ABF700F4E5EC /* ChatCell.xib */,
			);
			path = ChatCell;
			sourceTree = "<group>";
		};
		A4B64BF62A95C2EE00F4E5EC /* OtherChatCell */ = {
			isa = PBXGroup;
			children = (
				A4B64BF22A95C2EC00F4E5EC /* OtherChatCell.swift */,
				A4B64BF32A95C2EC00F4E5EC /* OtherChatCell.xib */,
			);
			path = OtherChatCell;
			sourceTree = "<group>";
		};
		A4B64BF72A95C2F400F4E5EC /* MeChatCell */ = {
			isa = PBXGroup;
			children = (
				A4B64BEE2A95C2D900F4E5EC /* MeChatCell.swift */,
				A4B64BEF2A95C2D900F4E5EC /* MeChatCell.xib */,
			);
			path = MeChatCell;
			sourceTree = "<group>";
		};
		A4B64BFE2A960D0900F4E5EC /* CustomViews */ = {
			isa = PBXGroup;
			children = (
				A4B64C032A960D3C00F4E5EC /* GVInput */,
				A4B64BFF2A960D2E00F4E5EC /* CustomViewsVC.swift */,
				A4B64C002A960D2E00F4E5EC /* CustomViewsVC.xib */,
			);
			path = CustomViews;
			sourceTree = "<group>";
		};
		A4B64C032A960D3C00F4E5EC /* GVInput */ = {
			isa = PBXGroup;
			children = (
				A4B64BFA2A96061000F4E5EC /* GVInput.xib */,
				A4B64BFC2A96062100F4E5EC /* GVInput.swift */,
			);
			path = GVInput;
			sourceTree = "<group>";
		};
		BA4980877D16988C1F897AA5 /* Pods */ = {
			isa = PBXGroup;
			children = (
				F0633524B1D7EF53C79808B0 /* Pods-io.debug.xcconfig */,
				48F6FB8B8B9F518C82FCBD47 /* Pods-io.release.xcconfig */,
			);
			path = Pods;
			sourceTree = "<group>";
		};
		BF834DD85AC6B1FD07D93970 /* Frameworks */ = {
			isa = PBXGroup;
			children = (
				D3E8A5C631F23680B8F4F616 /* Pods_io.framework */,
			);
			name = Frameworks;
			sourceTree = "<group>";
		};
/* End PBXGroup section */

/* Begin PBXNativeTarget section */
		A477B7B62A85E4B100A5388A /* io */ = {
			isa = PBXNativeTarget;
			buildConfigurationList = A477B7CB2A85E4B500A5388A /* Build configuration list for PBXNativeTarget "io" */;
			buildPhases = (
				B15CEBB5F62878D5EFFCBB3D /* [CP] Check Pods Manifest.lock */,
				F3E21F4D04B500472F4BFDDC /* [CP-User] Run Flutter Build io_flutter Script */,
				A477B7B32A85E4B100A5388A /* Sources */,
				A477B7B42A85E4B100A5388A /* Frameworks */,
				A477B7B52A85E4B100A5388A /* Resources */,
				9F02880D21CD4D5FC8BEEE73 /* [CP] Embed Pods Frameworks */,
				3D56FD84C99B2F88F69ADBE7 /* [CP-User] Embed Flutter Build io_flutter Script */,
				8113B3B0EFA4CF2195D919FA /* [CP] Copy Pods Resources */,
			);
			buildRules = (
			);
			dependencies = (
			);
			name = io;
			productName = io;
			productReference = A477B7B72A85E4B100A5388A /* io.app */;
			productType = "com.apple.product-type.application";
		};
/* End PBXNativeTarget section */

/* Begin PBXProject section */
		A477B7AF2A85E4B100A5388A /* Project object */ = {
			isa = PBXProject;
			attributes = {
				BuildIndependentTargetsInParallel = 1;
				LastSwiftUpdateCheck = 1500;
				LastUpgradeCheck = 1500;
				TargetAttributes = {
					A477B7B62A85E4B100A5388A = {
						CreatedOnToolsVersion = 15.0;
					};
				};
			};
			buildConfigurationList = A477B7B22A85E4B100A5388A /* Build configuration list for PBXProject "io" */;
			compatibilityVersion = "Xcode 14.0";
			developmentRegion = en;
			hasScannedForEncodings = 0;
			knownRegions = (
				en,
				Base,
			);
			mainGroup = A477B7AE2A85E4B100A5388A;
			productRefGroup = A477B7B82A85E4B100A5388A /* Products */;
			projectDirPath = "";
			projectRoot = "";
			targets = (
				A477B7B62A85E4B100A5388A /* io */,
			);
		};
/* End PBXProject section */

/* Begin PBXResourcesBuildPhase section */
		A477B7B52A85E4B100A5388A /* Resources */ = {
			isa = PBXResourcesBuildPhase;
			buildActionMask = 2147483647;
			files = (
				A43894982A93030300BE77A6 /* StretchyVC.xib in Resources */,
				A4B64BFB2A96061000F4E5EC /* GVInput.xib in Resources */,
				A43894A52A93070F00BE77A6 /* AnotherSampleCell.xib in Resources */,
				A4B64BF52A95C2EC00F4E5EC /* OtherChatCell.xib in Resources */,
				A477B7E32A86128B00A5388A /* SampleCell.xib in Resources */,
				A477B7D12A85E65700A5388A /* MainVC.xib in Resources */,
				A4B64BF12A95C2D900F4E5EC /* MeChatCell.xib in Resources */,
				A40ED9422A89DA54006EF1BE /* PagesCell.xib in Resources */,
				A43894CC2A936AAE00BE77A6 /* DriverNoteCell.xib in Resources */,
				A477B7DF2A86117200A5388A /* TableVC.xib in Resources */,
				A416F3E62A94594400FD4957 /* NunitoSans-Italic.ttf in Resources */,
				A4EA23B62A8B85D70031E8BC /* RecommendGrid.xib in Resources */,
				A4B64C022A960D2E00F4E5EC /* CustomViewsVC.xib in Resources */,
				A4B64BE82A95A1AF00F4E5EC /* ChatVC.xib in Resources */,
				A43894AD2A93523200BE77A6 /* MapVC.xib in Resources */,
				A416F3D12A94532000FD4957 /* SetTimeForRide.xib in Resources */,
				A40ED9472A89DF4F006EF1BE /* OtpVC.xib in Resources */,
				A416F3E72A94594400FD4957 /* NunitoSans.ttf in Resources */,
				A477B7C72A85E4B500A5388A /* LaunchScreen.storyboard in Resources */,
				A438949D2A9303C700BE77A6 /* StretchyView.xib in Resources */,
				A43894C72A93692200BE77A6 /* BigButtonCell.xib in Resources */,
				A4B64BEC2A95ABF700F4E5EC /* ChatCell.xib in Resources */,
				A477B7C42A85E4B500A5388A /* Assets.xcassets in Resources */,
				A4EA23BA2A8B876D0031E8BC /* RecommendGridCell.xib in Resources */,
			);
			runOnlyForDeploymentPostprocessing = 0;
		};
/* End PBXResourcesBuildPhase section */

/* Begin PBXShellScriptBuildPhase section */
		3D56FD84C99B2F88F69ADBE7 /* [CP-User] Embed Flutter Build io_flutter Script */ = {
			isa = PBXShellScriptBuildPhase;
			buildActionMask = 2147483647;
			files = (
			);
			name = "[CP-User] Embed Flutter Build io_flutter Script";
			runOnlyForDeploymentPostprocessing = 0;
			shellPath = /bin/sh;
			shellScript = "set -e\nset -u\nsource \"${SRCROOT}/../io_flutter/.ios/Flutter/flutter_export_environment.sh\"\nexport VERBOSE_SCRIPT_LOGGING=1 && \"$FLUTTER_ROOT\"/packages/flutter_tools/bin/xcode_backend.sh embed_and_thin";
		};
		8113B3B0EFA4CF2195D919FA /* [CP] Copy Pods Resources */ = {
			isa = PBXShellScriptBuildPhase;
			buildActionMask = 2147483647;
			files = (
			);
			inputFileListPaths = (
				"${PODS_ROOT}/Target Support Files/Pods-io/Pods-io-resources-${CONFIGURATION}-input-files.xcfilelist",
			);
			name = "[CP] Copy Pods Resources";
			outputFileListPaths = (
				"${PODS_ROOT}/Target Support Files/Pods-io/Pods-io-resources-${CONFIGURATION}-output-files.xcfilelist",
			);
			runOnlyForDeploymentPostprocessing = 0;
			shellPath = /bin/sh;
			shellScript = "\"${PODS_ROOT}/Target Support Files/Pods-io/Pods-io-resources.sh\"\n";
			showEnvVarsInLog = 0;
		};
		9F02880D21CD4D5FC8BEEE73 /* [CP] Embed Pods Frameworks */ = {
			isa = PBXShellScriptBuildPhase;
			buildActionMask = 2147483647;
			files = (
			);
			inputFileListPaths = (
				"${PODS_ROOT}/Target Support Files/Pods-io/Pods-io-frameworks-${CONFIGURATION}-input-files.xcfilelist",
			);
			name = "[CP] Embed Pods Frameworks";
			outputFileListPaths = (
				"${PODS_ROOT}/Target Support Files/Pods-io/Pods-io-frameworks-${CONFIGURATION}-output-files.xcfilelist",
			);
			runOnlyForDeploymentPostprocessing = 0;
			shellPath = /bin/sh;
			shellScript = "\"${PODS_ROOT}/Target Support Files/Pods-io/Pods-io-frameworks.sh\"\n";
			showEnvVarsInLog = 0;
		};
		B15CEBB5F62878D5EFFCBB3D /* [CP] Check Pods Manifest.lock */ = {
			isa = PBXShellScriptBuildPhase;
			buildActionMask = 2147483647;
			files = (
			);
			inputFileListPaths = (
			);
			inputPaths = (
				"${PODS_PODFILE_DIR_PATH}/Podfile.lock",
				"${PODS_ROOT}/Manifest.lock",
			);
			name = "[CP] Check Pods Manifest.lock";
			outputFileListPaths = (
			);
			outputPaths = (
				"$(DERIVED_FILE_DIR)/Pods-io-checkManifestLockResult.txt",
			);
			runOnlyForDeploymentPostprocessing = 0;
			shellPath = /bin/sh;
			shellScript = "diff \"${PODS_PODFILE_DIR_PATH}/Podfile.lock\" \"${PODS_ROOT}/Manifest.lock\" > /dev/null\nif [ $? != 0 ] ; then\n    # print error to STDERR\n    echo \"error: The sandbox is not in sync with the Podfile.lock. Run 'pod install' or update your CocoaPods installation.\" >&2\n    exit 1\nfi\n# This output is used by Xcode 'outputs' to avoid re-running this script phase.\necho \"SUCCESS\" > \"${SCRIPT_OUTPUT_FILE_0}\"\n";
			showEnvVarsInLog = 0;
		};
		F3E21F4D04B500472F4BFDDC /* [CP-User] Run Flutter Build io_flutter Script */ = {
			isa = PBXShellScriptBuildPhase;
			buildActionMask = 2147483647;
			files = (
			);
			name = "[CP-User] Run Flutter Build io_flutter Script";
			runOnlyForDeploymentPostprocessing = 0;
			shellPath = /bin/sh;
			shellScript = "set -e\nset -u\nsource \"${SRCROOT}/../io_flutter/.ios/Flutter/flutter_export_environment.sh\"\nexport VERBOSE_SCRIPT_LOGGING=1 && \"$FLUTTER_ROOT\"/packages/flutter_tools/bin/xcode_backend.sh build";
		};
/* End PBXShellScriptBuildPhase section */

/* Begin PBXSourcesBuildPhase section */
		A477B7B32A85E4B100A5388A /* Sources */ = {
			isa = PBXSourcesBuildPhase;
			buildActionMask = 2147483647;
			files = (
				A4B64BE72A95A1AF00F4E5EC /* ChatVC.swift in Sources */,
				A416F3DE2A9454DF00FD4957 /* UIImageView+Extensions.swift in Sources */,
				A43894972A93030300BE77A6 /* StretchyVC.swift in Sources */,
				A43894A12A93053C00BE77A6 /* Bundle.swift in Sources */,
				A4B8F9C52A8A1CB3001CA71C /* UIView.swift in Sources */,
				A4B64BFD2A96062100F4E5EC /* GVInput.swift in Sources */,
				A416F3D02A94532000FD4957 /* SetTimeForRide.swift in Sources */,
				A477B7D92A85EF9100A5388A /* ViewController.swift in Sources */,
				A416F3E12A9454DF00FD4957 /* UIView+Extensions.swift in Sources */,
				A416F3DF2A9454DF00FD4957 /* UILabel+Extensions.swift in Sources */,
				A4EA23B22A8B834A0031E8BC /* StretchyHeader.swift in Sources */,
				A4B64BF42A95C2EC00F4E5EC /* OtherChatCell.swift in Sources */,
				A416F3E92A94660E00FD4957 /* DateHelper.swift in Sources */,
				A4B64BF02A95C2D900F4E5EC /* MeChatCell.swift in Sources */,
				A477B7BB2A85E4B100A5388A /* AppDelegate.swift in Sources */,
				A4EA23BC2A8B8A040031E8BC /* SelfSizingTable.swift in Sources */,
				A43894A42A93070F00BE77A6 /* AnotherSampleCell.swift in Sources */,
				A416F3E22A9454DF00FD4957 /* UIStackView+Extensions.swift in Sources */,
				A416F3CC2A94528600FD4957 /* BottomSheetPresentationController.swift in Sources */,
				A43894CB2A936AAE00BE77A6 /* DriverNoteCell.swift in Sources */,
				A4EA23B52A8B85D70031E8BC /* RecommendGrid.swift in Sources */,
				A4EA23B92A8B876D0031E8BC /* RecommendGridCell.swift in Sources */,
				A40ED9412A89DA54006EF1BE /* PagesCell.swift in Sources */,
				A43894AC2A93523200BE77A6 /* MapVC.swift in Sources */,
				A477B7D02A85E65700A5388A /* MainVC.swift in Sources */,
				A416F3CA2A94528600FD4957 /* BottomSheetController.swift in Sources */,
				A416F3CD2A94528600FD4957 /* BottomSheetInteractiveDismissalTransition.swift in Sources */,
				A477B7DE2A86117200A5388A /* TableVC.swift in Sources */,
				A477B7E22A86128B00A5388A /* SampleCell.swift in Sources */,
				A416F3D52A9454C600FD4957 /* Withable.swift in Sources */,
				A416F3EB2A946AB400FD4957 /* Collection.swift in Sources */,
				A4B64C012A960D2E00F4E5EC /* CustomViewsVC.swift in Sources */,
				A40ED9462A89DF4F006EF1BE /* OtpVC.swift in Sources */,
				A4B64BEB2A95ABF700F4E5EC /* ChatCell.swift in Sources */,
				A477B7D32A85E9CD00A5388A /* SceneDelegate.swift in Sources */,
				A416F3D72A9454D200FD4957 /* NSObject+Extensions.swift in Sources */,
				A438949B2A9303BF00BE77A6 /* StretchyView.swift in Sources */,
				A416F3CB2A94528600FD4957 /* BottomSheetTransitioningDelegate.swift in Sources */,
				A43894C62A93692200BE77A6 /* BigButtonCell.swift in Sources */,
				A477B7D62A85EA6E00A5388A /* TableNCollection.swift in Sources */,
				A416F3E02A9454DF00FD4957 /* UIButton+Extensions.swift in Sources */,
			);
			runOnlyForDeploymentPostprocessing = 0;
		};
/* End PBXSourcesBuildPhase section */

/* Begin PBXVariantGroup section */
		A477B7C52A85E4B500A5388A /* LaunchScreen.storyboard */ = {
			isa = PBXVariantGroup;
			children = (
				A477B7C62A85E4B500A5388A /* Base */,
			);
			name = LaunchScreen.storyboard;
			sourceTree = "<group>";
		};
/* End PBXVariantGroup section */

/* Begin XCBuildConfiguration section */
		A477B7C92A85E4B500A5388A /* Debug */ = {
			isa = XCBuildConfiguration;
			buildSettings = {
				ALWAYS_SEARCH_USER_PATHS = NO;
				ASSETCATALOG_COMPILER_GENERATE_SWIFT_ASSET_SYMBOL_EXTENSIONS = YES;
				CLANG_ANALYZER_NONNULL = YES;
				CLANG_ANALYZER_NUMBER_OBJECT_CONVERSION = YES_AGGRESSIVE;
				CLANG_CXX_LANGUAGE_STANDARD = "gnu++20";
				CLANG_ENABLE_MODULES = YES;
				CLANG_ENABLE_OBJC_ARC = YES;
				CLANG_ENABLE_OBJC_WEAK = YES;
				CLANG_WARN_BLOCK_CAPTURE_AUTORELEASING = YES;
				CLANG_WARN_BOOL_CONVERSION = YES;
				CLANG_WARN_COMMA = YES;
				CLANG_WARN_CONSTANT_CONVERSION = YES;
				CLANG_WARN_DEPRECATED_OBJC_IMPLEMENTATIONS = YES;
				CLANG_WARN_DIRECT_OBJC_ISA_USAGE = YES_ERROR;
				CLANG_WARN_DOCUMENTATION_COMMENTS = YES;
				CLANG_WARN_EMPTY_BODY = YES;
				CLANG_WARN_ENUM_CONVERSION = YES;
				CLANG_WARN_INFINITE_RECURSION = YES;
				CLANG_WARN_INT_CONVERSION = YES;
				CLANG_WARN_NON_LITERAL_NULL_CONVERSION = YES;
				CLANG_WARN_OBJC_IMPLICIT_RETAIN_SELF = YES;
				CLANG_WARN_OBJC_LITERAL_CONVERSION = YES;
				CLANG_WARN_OBJC_ROOT_CLASS = YES_ERROR;
				CLANG_WARN_QUOTED_INCLUDE_IN_FRAMEWORK_HEADER = YES;
				CLANG_WARN_RANGE_LOOP_ANALYSIS = YES;
				CLANG_WARN_STRICT_PROTOTYPES = YES;
				CLANG_WARN_SUSPICIOUS_MOVE = YES;
				CLANG_WARN_UNGUARDED_AVAILABILITY = YES_AGGRESSIVE;
				CLANG_WARN_UNREACHABLE_CODE = YES;
				CLANG_WARN__DUPLICATE_METHOD_MATCH = YES;
				COPY_PHASE_STRIP = NO;
				DEBUG_INFORMATION_FORMAT = dwarf;
				ENABLE_STRICT_OBJC_MSGSEND = YES;
				ENABLE_TESTABILITY = YES;
				ENABLE_USER_SCRIPT_SANDBOXING = YES;
				GCC_C_LANGUAGE_STANDARD = gnu17;
				GCC_DYNAMIC_NO_PIC = NO;
				GCC_NO_COMMON_BLOCKS = YES;
				GCC_OPTIMIZATION_LEVEL = 0;
				GCC_PREPROCESSOR_DEFINITIONS = (
					"DEBUG=1",
					"$(inherited)",
				);
				GCC_WARN_64_TO_32_BIT_CONVERSION = YES;
				GCC_WARN_ABOUT_RETURN_TYPE = YES_ERROR;
				GCC_WARN_UNDECLARED_SELECTOR = YES;
				GCC_WARN_UNINITIALIZED_AUTOS = YES_AGGRESSIVE;
				GCC_WARN_UNUSED_FUNCTION = YES;
				GCC_WARN_UNUSED_VARIABLE = YES;
				IPHONEOS_DEPLOYMENT_TARGET = 12.0;
				LOCALIZATION_PREFERS_STRING_CATALOGS = YES;
				MTL_ENABLE_DEBUG_INFO = INCLUDE_SOURCE;
				MTL_FAST_MATH = YES;
				ONLY_ACTIVE_ARCH = YES;
				SDKROOT = iphoneos;
				SWIFT_ACTIVE_COMPILATION_CONDITIONS = "DEBUG $(inherited)";
				SWIFT_OPTIMIZATION_LEVEL = "-Onone";
			};
			name = Debug;
		};
		A477B7CA2A85E4B500A5388A /* Release */ = {
			isa = XCBuildConfiguration;
			buildSettings = {
				ALWAYS_SEARCH_USER_PATHS = NO;
				ASSETCATALOG_COMPILER_GENERATE_SWIFT_ASSET_SYMBOL_EXTENSIONS = YES;
				CLANG_ANALYZER_NONNULL = YES;
				CLANG_ANALYZER_NUMBER_OBJECT_CONVERSION = YES_AGGRESSIVE;
				CLANG_CXX_LANGUAGE_STANDARD = "gnu++20";
				CLANG_ENABLE_MODULES = YES;
				CLANG_ENABLE_OBJC_ARC = YES;
				CLANG_ENABLE_OBJC_WEAK = YES;
				CLANG_WARN_BLOCK_CAPTURE_AUTORELEASING = YES;
				CLANG_WARN_BOOL_CONVERSION = YES;
				CLANG_WARN_COMMA = YES;
				CLANG_WARN_CONSTANT_CONVERSION = YES;
				CLANG_WARN_DEPRECATED_OBJC_IMPLEMENTATIONS = YES;
				CLANG_WARN_DIRECT_OBJC_ISA_USAGE = YES_ERROR;
				CLANG_WARN_DOCUMENTATION_COMMENTS = YES;
				CLANG_WARN_EMPTY_BODY = YES;
				CLANG_WARN_ENUM_CONVERSION = YES;
				CLANG_WARN_INFINITE_RECURSION = YES;
				CLANG_WARN_INT_CONVERSION = YES;
				CLANG_WARN_NON_LITERAL_NULL_CONVERSION = YES;
				CLANG_WARN_OBJC_IMPLICIT_RETAIN_SELF = YES;
				CLANG_WARN_OBJC_LITERAL_CONVERSION = YES;
				CLANG_WARN_OBJC_ROOT_CLASS = YES_ERROR;
				CLANG_WARN_QUOTED_INCLUDE_IN_FRAMEWORK_HEADER = YES;
				CLANG_WARN_RANGE_LOOP_ANALYSIS = YES;
				CLANG_WARN_STRICT_PROTOTYPES = YES;
				CLANG_WARN_SUSPICIOUS_MOVE = YES;
				CLANG_WARN_UNGUARDED_AVAILABILITY = YES_AGGRESSIVE;
				CLANG_WARN_UNREACHABLE_CODE = YES;
				CLANG_WARN__DUPLICATE_METHOD_MATCH = YES;
				COPY_PHASE_STRIP = NO;
				DEBUG_INFORMATION_FORMAT = "dwarf-with-dsym";
				ENABLE_NS_ASSERTIONS = NO;
				ENABLE_STRICT_OBJC_MSGSEND = YES;
				ENABLE_USER_SCRIPT_SANDBOXING = YES;
				GCC_C_LANGUAGE_STANDARD = gnu17;
				GCC_NO_COMMON_BLOCKS = YES;
				GCC_WARN_64_TO_32_BIT_CONVERSION = YES;
				GCC_WARN_ABOUT_RETURN_TYPE = YES_ERROR;
				GCC_WARN_UNDECLARED_SELECTOR = YES;
				GCC_WARN_UNINITIALIZED_AUTOS = YES_AGGRESSIVE;
				GCC_WARN_UNUSED_FUNCTION = YES;
				GCC_WARN_UNUSED_VARIABLE = YES;
				IPHONEOS_DEPLOYMENT_TARGET = 12.0;
				LOCALIZATION_PREFERS_STRING_CATALOGS = YES;
				MTL_ENABLE_DEBUG_INFO = NO;
				MTL_FAST_MATH = YES;
				SDKROOT = iphoneos;
				SWIFT_COMPILATION_MODE = wholemodule;
				VALIDATE_PRODUCT = YES;
			};
			name = Release;
		};
		A477B7CC2A85E4B500A5388A /* Debug */ = {
			isa = XCBuildConfiguration;
			baseConfigurationReference = F0633524B1D7EF53C79808B0 /* Pods-io.debug.xcconfig */;
			buildSettings = {
				ASSETCATALOG_COMPILER_APPICON_NAME = AppIcon;
				ASSETCATALOG_COMPILER_GLOBAL_ACCENT_COLOR_NAME = AccentColor;
				CODE_SIGN_STYLE = Automatic;
				CURRENT_PROJECT_VERSION = 1;
				DEVELOPMENT_TEAM = DMC58Q9KA7;
				ENABLE_USER_SCRIPT_SANDBOXING = NO;
				EXCLUDED_ARCHS = "";
				GENERATE_INFOPLIST_FILE = YES;
				INFOPLIST_FILE = io/Info.plist;
				INFOPLIST_KEY_UIApplicationSupportsIndirectInputEvents = YES;
				INFOPLIST_KEY_UILaunchStoryboardName = LaunchScreen;
				INFOPLIST_KEY_UISupportedInterfaceOrientations_iPad = "UIInterfaceOrientationPortrait UIInterfaceOrientationPortraitUpsideDown UIInterfaceOrientationLandscapeLeft UIInterfaceOrientationLandscapeRight";
				INFOPLIST_KEY_UISupportedInterfaceOrientations_iPhone = "UIInterfaceOrientationPortrait UIInterfaceOrientationLandscapeLeft UIInterfaceOrientationLandscapeRight";
				IPHONEOS_DEPLOYMENT_TARGET = 12.1;
				LD_RUNPATH_SEARCH_PATHS = (
					"$(inherited)",
					"@executable_path/Frameworks",
				);
				MARKETING_VERSION = 1.0;
				PRODUCT_BUNDLE_IDENTIFIER = gvtest.io;
				PRODUCT_NAME = "$(TARGET_NAME)";
				SUPPORTED_PLATFORMS = "iphoneos iphonesimulator";
				SUPPORTS_MACCATALYST = NO;
				SUPPORTS_MAC_DESIGNED_FOR_IPHONE_IPAD = NO;
				SUPPORTS_XR_DESIGNED_FOR_IPHONE_IPAD = NO;
				SWIFT_EMIT_LOC_STRINGS = YES;
				SWIFT_VERSION = 5.0;
				TARGETED_DEVICE_FAMILY = "1,2";
			};
			name = Debug;
		};
		A477B7CD2A85E4B500A5388A /* Release */ = {
			isa = XCBuildConfiguration;
			baseConfigurationReference = 48F6FB8B8B9F518C82FCBD47 /* Pods-io.release.xcconfig */;
			buildSettings = {
				ASSETCATALOG_COMPILER_APPICON_NAME = AppIcon;
				ASSETCATALOG_COMPILER_GLOBAL_ACCENT_COLOR_NAME = AccentColor;
				CODE_SIGN_STYLE = Automatic;
				CURRENT_PROJECT_VERSION = 1;
				DEVELOPMENT_TEAM = DMC58Q9KA7;
				ENABLE_USER_SCRIPT_SANDBOXING = NO;
				EXCLUDED_ARCHS = "";
				GENERATE_INFOPLIST_FILE = YES;
				INFOPLIST_FILE = io/Info.plist;
				INFOPLIST_KEY_UIApplicationSupportsIndirectInputEvents = YES;
				INFOPLIST_KEY_UILaunchStoryboardName = LaunchScreen;
				INFOPLIST_KEY_UISupportedInterfaceOrientations_iPad = "UIInterfaceOrientationPortrait UIInterfaceOrientationPortraitUpsideDown UIInterfaceOrientationLandscapeLeft UIInterfaceOrientationLandscapeRight";
				INFOPLIST_KEY_UISupportedInterfaceOrientations_iPhone = "UIInterfaceOrientationPortrait UIInterfaceOrientationLandscapeLeft UIInterfaceOrientationLandscapeRight";
				IPHONEOS_DEPLOYMENT_TARGET = 12.1;
				LD_RUNPATH_SEARCH_PATHS = (
					"$(inherited)",
					"@executable_path/Frameworks",
				);
				MARKETING_VERSION = 1.0;
				PRODUCT_BUNDLE_IDENTIFIER = gvtest.io;
				PRODUCT_NAME = "$(TARGET_NAME)";
				SUPPORTED_PLATFORMS = "iphoneos iphonesimulator";
				SUPPORTS_MACCATALYST = NO;
				SUPPORTS_MAC_DESIGNED_FOR_IPHONE_IPAD = NO;
				SUPPORTS_XR_DESIGNED_FOR_IPHONE_IPAD = NO;
				SWIFT_EMIT_LOC_STRINGS = YES;
				SWIFT_VERSION = 5.0;
				TARGETED_DEVICE_FAMILY = "1,2";
			};
			name = Release;
		};
/* End XCBuildConfiguration section */

/* Begin XCConfigurationList section */
		A477B7B22A85E4B100A5388A /* Build configuration list for PBXProject "io" */ = {
			isa = XCConfigurationList;
			buildConfigurations = (
				A477B7C92A85E4B500A5388A /* Debug */,
				A477B7CA2A85E4B500A5388A /* Release */,
			);
			defaultConfigurationIsVisible = 0;
			defaultConfigurationName = Release;
		};
		A477B7CB2A85E4B500A5388A /* Build configuration list for PBXNativeTarget "io" */ = {
			isa = XCConfigurationList;
			buildConfigurations = (
				A477B7CC2A85E4B500A5388A /* Debug */,
				A477B7CD2A85E4B500A5388A /* Release */,
			);
			defaultConfigurationIsVisible = 0;
			defaultConfigurationName = Release;
		};
/* End XCConfigurationList section */
	};
	rootObject = A477B7AF2A85E4B100A5388A /* Project object */;
}
